
Microsoft Visual Studio Solution File, Format Version 12.00
# Visual Studio Version 16
VisualStudioVersion = 16.0.31624.102
MinimumVisualStudioVersion = 10.0.40219.1
Project("{FAE04EC0-301F-11D3-BF4B-00C04F79EFBC}") = "WpfApp1", "WpfApp1\WpfApp1.csproj", "{3897D5FD-005F-4E15-BCBE-6B07FA073D89}"
EndProject
Global
	GlobalSection(SolutionConfigurationPlatforms) = preSolution
		Debug|Any CPU = Debug|Any CPU
		Release|Any CPU = Release|Any CPU
	EndGlobalSection
	GlobalSection(ProjectConfigurationPlatforms) = postSolution
		{3897D5FD-005F-4E15-BCBE-6B07FA073D89}.Debug|Any CPU.ActiveCfg = Debug|Any CPU
		{3897D5FD-005F-4E15-BCBE-6B07FA073D89}.Debug|Any CPU.Build.0 = Debug|Any CPU
		{3897D5FD-005F-4E15-BCBE-6B07FA073D89}.Release|Any CPU.ActiveCfg = Release|Any CPU
		{3897D5FD-005F-4E15-BCBE-6B07FA073D89}.Release|Any CPU.Build.0 = Release|Any CPU
	EndGlobalSection
	GlobalSection(SolutionProperties) = preSolution
		HideSolutionNode = FALSE
	EndGlobalSection
	GlobalSection(ExtensibilityGlobals) = postSolution
		SolutionGuid = {D0F46734-705A-4C6B-A2BB-2E6A203A352F}
	EndGlobalSection
EndGlobal
